// !$*UTF8*$!
{
	archiveVersion = 1;
	classes = {
	};
	objectVersion = 46;
	objects = {

/* Begin PBXBuildFile section */
		9BB6AC9A19D6335500111903 /* main.m in Sources */ = {isa = PBXBuildFile; fileRef = 9BB6AC9919D6335500111903 /* main.m */; };
		9BB6AC9D19D6335500111903 /* AppDelegate.m in Sources */ = {isa = PBXBuildFile; fileRef = 9BB6AC9C19D6335500111903 /* AppDelegate.m */; };
		9BB6ACA019D6335500111903 /* ViewController.m in Sources */ = {isa = PBXBuildFile; fileRef = 9BB6AC9F19D6335500111903 /* ViewController.m */; };
		9BB6ACA319D6335500111903 /* Main.storyboard in Resources */ = {isa = PBXBuildFile; fileRef = 9BB6ACA119D6335500111903 /* Main.storyboard */; };
		9BB6ACA519D6335500111903 /* Images.xcassets in Resources */ = {isa = PBXBuildFile; fileRef = 9BB6ACA419D6335500111903 /* Images.xcassets */; };
		9BB6ACA819D6335500111903 /* LaunchScreen.xib in Resources */ = {isa = PBXBuildFile; fileRef = 9BB6ACA619D6335500111903 /* LaunchScreen.xib */; };
		9BB6ACB419D6335500111903 /* EWBackgroundingTests.m in Sources */ = {isa = PBXBuildFile; fileRef = 9BB6ACB319D6335500111903 /* EWBackgroundingTests.m */; };
		9BB6ACC219D6342D00111903 /* EWBackgroundingManager.m in Sources */ = {isa = PBXBuildFile; fileRef = 9BB6ACC119D6342D00111903 /* EWBackgroundingManager.m */; };
		9BB6ACC419D634EF00111903 /* media.caf in Resources */ = {isa = PBXBuildFile; fileRef = 9BB6ACC319D634EF00111903 /* media.caf */; };
		9BB6ACC619D6359800111903 /* Daybreak.caf in Resources */ = {isa = PBXBuildFile; fileRef = 9BB6ACC519D6359800111903 /* Daybreak.caf */; };
		9BB6ACC819D66F0600111903 /* tock.caf in Resources */ = {isa = PBXBuildFile; fileRef = 9BB6ACC719D66F0600111903 /* tock.caf */; };
		9BEE059B19D691630040093F /* View.xib in Resources */ = {isa = PBXBuildFile; fileRef = 9BEE059A19D691630040093F /* View.xib */; };
		AE78E3627A4A467FBB5F291E /* libPods.a in Frameworks */ = {isa = PBXBuildFile; fileRef = EAA1D4F56F8843EDB1801430 /* libPods.a */; };
/* End PBXBuildFile section */

/* Begin PBXContainerItemProxy section */
		9BB6ACAE19D6335500111903 /* PBXContainerItemProxy */ = {
			isa = PBXContainerItemProxy;
			containerPortal = 9BB6AC8C19D6335500111903 /* Project object */;
			proxyType = 1;
			remoteGlobalIDString = 9BB6AC9319D6335500111903;
			remoteInfo = EWBackgrounding;
		};
/* End PBXContainerItemProxy section */

/* Begin PBXFileReference section */
		68060FDCE9AA4212B68528A5 /* Pods.xcconfig */ = {isa = PBXFileReference; includeInIndex = 1; lastKnownFileType = text.xcconfig; name = Pods.xcconfig; path = Pods/Pods.xcconfig; sourceTree = "<group>"; };
		9BA157C419DB688800F0F37B /* PrefixHeader.pch */ = {isa = PBXFileReference; fileEncoding = 4; lastKnownFileType = sourcecode.c.h; path = PrefixHeader.pch; sourceTree = "<group>"; };
		9BB6AC9419D6335500111903 /* EWBackgrounding.app */ = {isa = PBXFileReference; explicitFileType = wrapper.application; includeInIndex = 0; path = EWBackgrounding.app; sourceTree = BUILT_PRODUCTS_DIR; };
		9BB6AC9819D6335500111903 /* Info.plist */ = {isa = PBXFileReference; lastKnownFileType = text.plist.xml; path = Info.plist; sourceTree = "<group>"; };
		9BB6AC9919D6335500111903 /* main.m */ = {isa = PBXFileReference; lastKnownFileType = sourcecode.c.objc; path = main.m; sourceTree = "<group>"; };
		9BB6AC9B19D6335500111903 /* AppDelegate.h */ = {isa = PBXFileReference; lastKnownFileType = sourcecode.c.h; path = AppDelegate.h; sourceTree = "<group>"; };
		9BB6AC9C19D6335500111903 /* AppDelegate.m */ = {isa = PBXFileReference; lastKnownFileType = sourcecode.c.objc; path = AppDelegate.m; sourceTree = "<group>"; };
		9BB6AC9E19D6335500111903 /* ViewController.h */ = {isa = PBXFileReference; lastKnownFileType = sourcecode.c.h; path = ViewController.h; sourceTree = "<group>"; };
		9BB6AC9F19D6335500111903 /* ViewController.m */ = {isa = PBXFileReference; lastKnownFileType = sourcecode.c.objc; path = ViewController.m; sourceTree = "<group>"; };
		9BB6ACA219D6335500111903 /* Base */ = {isa = PBXFileReference; lastKnownFileType = file.storyboard; name = Base; path = Base.lproj/Main.storyboard; sourceTree = "<group>"; };
		9BB6ACA419D6335500111903 /* Images.xcassets */ = {isa = PBXFileReference; lastKnownFileType = folder.assetcatalog; path = Images.xcassets; sourceTree = "<group>"; };
		9BB6ACA719D6335500111903 /* Base */ = {isa = PBXFileReference; lastKnownFileType = file.xib; name = Base; path = Base.lproj/LaunchScreen.xib; sourceTree = "<group>"; };
		9BB6ACAD19D6335500111903 /* EWBackgroundingTests.xctest */ = {isa = PBXFileReference; explicitFileType = wrapper.cfbundle; includeInIndex = 0; path = EWBackgroundingTests.xctest; sourceTree = BUILT_PRODUCTS_DIR; };
		9BB6ACB219D6335500111903 /* Info.plist */ = {isa = PBXFileReference; lastKnownFileType = text.plist.xml; path = Info.plist; sourceTree = "<group>"; };
		9BB6ACB319D6335500111903 /* EWBackgroundingTests.m */ = {isa = PBXFileReference; lastKnownFileType = sourcecode.c.objc; path = EWBackgroundingTests.m; sourceTree = "<group>"; };
		9BB6ACC019D6342D00111903 /* EWBackgroundingManager.h */ = {isa = PBXFileReference; fileEncoding = 4; lastKnownFileType = sourcecode.c.h; path = EWBackgroundingManager.h; sourceTree = "<group>"; };
		9BB6ACC119D6342D00111903 /* EWBackgroundingManager.m */ = {isa = PBXFileReference; fileEncoding = 4; lastKnownFileType = sourcecode.c.objc; path = EWBackgroundingManager.m; sourceTree = "<group>"; };
		9BB6ACC319D634EF00111903 /* media.caf */ = {isa = PBXFileReference; lastKnownFileType = file; path = media.caf; sourceTree = "<group>"; };
		9BB6ACC519D6359800111903 /* Daybreak.caf */ = {isa = PBXFileReference; lastKnownFileType = file; path = Daybreak.caf; sourceTree = "<group>"; };
		9BB6ACC719D66F0600111903 /* tock.caf */ = {isa = PBXFileReference; lastKnownFileType = file; path = tock.caf; sourceTree = "<group>"; };
		9BEE059A19D691630040093F /* View.xib */ = {isa = PBXFileReference; fileEncoding = 4; lastKnownFileType = file.xib; path = View.xib; sourceTree = "<group>"; };
		EAA1D4F56F8843EDB1801430 /* libPods.a */ = {isa = PBXFileReference; explicitFileType = archive.ar; includeInIndex = 0; path = libPods.a; sourceTree = BUILT_PRODUCTS_DIR; };
/* End PBXFileReference section */

/* Begin PBXFrameworksBuildPhase section */
		9BB6AC9119D6335500111903 /* Frameworks */ = {
			isa = PBXFrameworksBuildPhase;
			buildActionMask = 2147483647;
			files = (
				AE78E3627A4A467FBB5F291E /* libPods.a in Frameworks */,
			);
			runOnlyForDeploymentPostprocessing = 0;
		};
		9BB6ACAA19D6335500111903 /* Frameworks */ = {
			isa = PBXFrameworksBuildPhase;
			buildActionMask = 2147483647;
			files = (
			);
			runOnlyForDeploymentPostprocessing = 0;
		};
/* End PBXFrameworksBuildPhase section */

/* Begin PBXGroup section */
		36267C6DF5E14101BC3F9CCD /* Frameworks */ = {
			isa = PBXGroup;
			children = (
				EAA1D4F56F8843EDB1801430 /* libPods.a */,
			);
			name = Frameworks;
			sourceTree = "<group>";
		};
		9BB6AC8B19D6335500111903 = {
			isa = PBXGroup;
			children = (
				9BB6AC9619D6335500111903 /* EWBackgrounding */,
				9BB6ACB019D6335500111903 /* EWBackgroundingTests */,
				9BB6AC9519D6335500111903 /* Products */,
				68060FDCE9AA4212B68528A5 /* Pods.xcconfig */,
				36267C6DF5E14101BC3F9CCD /* Frameworks */,
			);
			sourceTree = "<group>";
		};
		9BB6AC9519D6335500111903 /* Products */ = {
			isa = PBXGroup;
			children = (
				9BB6AC9419D6335500111903 /* EWBackgrounding.app */,
				9BB6ACAD19D6335500111903 /* EWBackgroundingTests.xctest */,
			);
			name = Products;
			sourceTree = "<group>";
		};
		9BB6AC9619D6335500111903 /* EWBackgrounding */ = {
			isa = PBXGroup;
			children = (
				9BB6AC9B19D6335500111903 /* AppDelegate.h */,
				9BB6AC9C19D6335500111903 /* AppDelegate.m */,
				9BEE059A19D691630040093F /* View.xib */,
				9BB6AC9E19D6335500111903 /* ViewController.h */,
				9BB6AC9F19D6335500111903 /* ViewController.m */,
				9BB6ACC019D6342D00111903 /* EWBackgroundingManager.h */,
				9BB6ACC119D6342D00111903 /* EWBackgroundingManager.m */,
				9BB6ACA119D6335500111903 /* Main.storyboard */,
				9BB6ACC719D66F0600111903 /* tock.caf */,
				9BB6ACA419D6335500111903 /* Images.xcassets */,
				9BB6ACA619D6335500111903 /* LaunchScreen.xib */,
				9BB6ACC519D6359800111903 /* Daybreak.caf */,
				9BB6ACC319D634EF00111903 /* media.caf */,
				9BB6AC9719D6335500111903 /* Supporting Files */,
			);
			path = EWBackgrounding;
			sourceTree = "<group>";
		};
		9BB6AC9719D6335500111903 /* Supporting Files */ = {
			isa = PBXGroup;
			children = (
				9BB6AC9819D6335500111903 /* Info.plist */,
				9BA157C419DB688800F0F37B /* PrefixHeader.pch */,
				9BB6AC9919D6335500111903 /* main.m */,
			);
			name = "Supporting Files";
			sourceTree = "<group>";
		};
		9BB6ACB019D6335500111903 /* EWBackgroundingTests */ = {
			isa = PBXGroup;
			children = (
				9BB6ACB319D6335500111903 /* EWBackgroundingTests.m */,
				9BB6ACB119D6335500111903 /* Supporting Files */,
			);
			path = EWBackgroundingTests;
			sourceTree = "<group>";
		};
		9BB6ACB119D6335500111903 /* Supporting Files */ = {
			isa = PBXGroup;
			children = (
				9BB6ACB219D6335500111903 /* Info.plist */,
			);
			name = "Supporting Files";
			sourceTree = "<group>";
		};
/* End PBXGroup section */

/* Begin PBXNativeTarget section */
		9BB6AC9319D6335500111903 /* EWBackgrounding */ = {
			isa = PBXNativeTarget;
			buildConfigurationList = 9BB6ACB719D6335500111903 /* Build configuration list for PBXNativeTarget "EWBackgrounding" */;
			buildPhases = (
				226FF5DE757B483082CE0716 /* Check Pods Manifest.lock */,
				9BB6AC9019D6335500111903 /* Sources */,
				9BB6AC9119D6335500111903 /* Frameworks */,
				9BB6AC9219D6335500111903 /* Resources */,
				8476C5CF98284D768479935B /* Copy Pods Resources */,
			);
			buildRules = (
			);
			dependencies = (
			);
			name = EWBackgrounding;
			productName = EWBackgrounding;
			productReference = 9BB6AC9419D6335500111903 /* EWBackgrounding.app */;
			productType = "com.apple.product-type.application";
		};
		9BB6ACAC19D6335500111903 /* EWBackgroundingTests */ = {
			isa = PBXNativeTarget;
			buildConfigurationList = 9BB6ACBA19D6335500111903 /* Build configuration list for PBXNativeTarget "EWBackgroundingTests" */;
			buildPhases = (
				9BB6ACA919D6335500111903 /* Sources */,
				9BB6ACAA19D6335500111903 /* Frameworks */,
				9BB6ACAB19D6335500111903 /* Resources */,
			);
			buildRules = (
			);
			dependencies = (
				9BB6ACAF19D6335500111903 /* PBXTargetDependency */,
			);
			name = EWBackgroundingTests;
			productName = EWBackgroundingTests;
			productReference = 9BB6ACAD19D6335500111903 /* EWBackgroundingTests.xctest */;
			productType = "com.apple.product-type.bundle.unit-test";
		};
/* End PBXNativeTarget section */

/* Begin PBXProject section */
		9BB6AC8C19D6335500111903 /* Project object */ = {
			isa = PBXProject;
			attributes = {
				LastUpgradeCheck = 0600;
				ORGANIZATIONNAME = Lee;
				TargetAttributes = {
					9BB6AC9319D6335500111903 = {
						CreatedOnToolsVersion = 6.0.1;
						SystemCapabilities = {
							com.apple.BackgroundModes = {
								enabled = 1;
							};
						};
					};
					9BB6ACAC19D6335500111903 = {
						CreatedOnToolsVersion = 6.0.1;
						TestTargetID = 9BB6AC9319D6335500111903;
					};
				};
			};
			buildConfigurationList = 9BB6AC8F19D6335500111903 /* Build configuration list for PBXProject "EWBackgrounding" */;
			compatibilityVersion = "Xcode 3.2";
			developmentRegion = English;
			hasScannedForEncodings = 0;
			knownRegions = (
				en,
				Base,
			);
			mainGroup = 9BB6AC8B19D6335500111903;
			productRefGroup = 9BB6AC9519D6335500111903 /* Products */;
			projectDirPath = "";
			projectRoot = "";
			targets = (
				9BB6AC9319D6335500111903 /* EWBackgrounding */,
				9BB6ACAC19D6335500111903 /* EWBackgroundingTests */,
			);
		};
/* End PBXProject section */

/* Begin PBXResourcesBuildPhase section */
		9BB6AC9219D6335500111903 /* Resources */ = {
			isa = PBXResourcesBuildPhase;
			buildActionMask = 2147483647;
			files = (
				9BEE059B19D691630040093F /* View.xib in Resources */,
				9BB6ACA319D6335500111903 /* Main.storyboard in Resources */,
				9BB6ACC419D634EF00111903 /* media.caf in Resources */,
				9BB6ACA819D6335500111903 /* LaunchScreen.xib in Resources */,
				9BB6ACC819D66F0600111903 /* tock.caf in Resources */,
				9BB6ACC619D6359800111903 /* Daybreak.caf in Resources */,
				9BB6ACA519D6335500111903 /* Images.xcassets in Resources */,
			);
			runOnlyForDeploymentPostprocessing = 0;
		};
		9BB6ACAB19D6335500111903 /* Resources */ = {
			isa = PBXResourcesBuildPhase;
			buildActionMask = 2147483647;
			files = (
			);
			runOnlyForDeploymentPostprocessing = 0;
		};
/* End PBXResourcesBuildPhase section */

/* Begin PBXShellScriptBuildPhase section */
		226FF5DE757B483082CE0716 /* Check Pods Manifest.lock */ = {
			isa = PBXShellScriptBuildPhase;
			buildActionMask = 2147483647;
			files = (
			);
			inputPaths = (
			);
			name = "Check Pods Manifest.lock";
			outputPaths = (
			);
			runOnlyForDeploymentPostprocessing = 0;
			shellPath = /bin/sh;
			shellScript = "diff \"${PODS_ROOT}/../Podfile.lock\" \"${PODS_ROOT}/Manifest.lock\" > /dev/null\nif [[ $? != 0 ]] ; then\n    cat << EOM\nerror: The sandbox is not in sync with the Podfile.lock. Run 'pod install' or update your CocoaPods installation.\nEOM\n    exit 1\nfi\n";
			showEnvVarsInLog = 0;
		};
		8476C5CF98284D768479935B /* Copy Pods Resources */ = {
			isa = PBXShellScriptBuildPhase;
			buildActionMask = 2147483647;
			files = (
			);
			inputPaths = (
			);
			name = "Copy Pods Resources";
			outputPaths = (
			);
			runOnlyForDeploymentPostprocessing = 0;
			shellPath = /bin/sh;
			shellScript = "\"${SRCROOT}/Pods/Pods-resources.sh\"\n";
			showEnvVarsInLog = 0;
		};
/* End PBXShellScriptBuildPhase section */

/* Begin PBXSourcesBuildPhase section */
		9BB6AC9019D6335500111903 /* Sources */ = {
			isa = PBXSourcesBuildPhase;
			buildActionMask = 2147483647;
			files = (
				9BB6ACA019D6335500111903 /* ViewController.m in Sources */,
				9BB6AC9D19D6335500111903 /* AppDelegate.m in Sources */,
				9BB6ACC219D6342D00111903 /* EWBackgroundingManager.m in Sources */,
				9BB6AC9A19D6335500111903 /* main.m in Sources */,
			);
			runOnlyForDeploymentPostprocessing = 0;
		};
		9BB6ACA919D6335500111903 /* Sources */ = {
			isa = PBXSourcesBuildPhase;
			buildActionMask = 2147483647;
			files = (
				9BB6ACB419D6335500111903 /* EWBackgroundingTests.m in Sources */,
			);
			runOnlyForDeploymentPostprocessing = 0;
		};
/* End PBXSourcesBuildPhase section */

/* Begin PBXTargetDependency section */
		9BB6ACAF19D6335500111903 /* PBXTargetDependency */ = {
			isa = PBXTargetDependency;
			target = 9BB6AC9319D6335500111903 /* EWBackgrounding */;
			targetProxy = 9BB6ACAE19D6335500111903 /* PBXContainerItemProxy */;
		};
/* End PBXTargetDependency section */

/* Begin PBXVariantGroup section */
		9BB6ACA119D6335500111903 /* Main.storyboard */ = {
			isa = PBXVariantGroup;
			children = (
				9BB6ACA219D6335500111903 /* Base */,
			);
			name = Main.storyboard;
			sourceTree = "<group>";
		};
		9BB6ACA619D6335500111903 /* LaunchScreen.xib */ = {
			isa = PBXVariantGroup;
			children = (
				9BB6ACA719D6335500111903 /* Base */,
			);
			name = LaunchScreen.xib;
			sourceTree = "<group>";
		};
/* End PBXVariantGroup section */

/* Begin XCBuildConfiguration section */
		9BB6ACB519D6335500111903 /* Debug */ = {
			isa = XCBuildConfiguration;
			buildSettings = {
				ALWAYS_SEARCH_USER_PATHS = NO;
				CLANG_CXX_LANGUAGE_STANDARD = "gnu++0x";
				CLANG_CXX_LIBRARY = "libc++";
				CLANG_ENABLE_MODULES = YES;
				CLANG_ENABLE_OBJC_ARC = YES;
				CLANG_WARN_BOOL_CONVERSION = YES;
				CLANG_WARN_CONSTANT_CONVERSION = YES;
				CLANG_WARN_DIRECT_OBJC_ISA_USAGE = YES_ERROR;
				CLANG_WARN_EMPTY_BODY = YES;
				CLANG_WARN_ENUM_CONVERSION = YES;
				CLANG_WARN_INT_CONVERSION = YES;
				CLANG_WARN_OBJC_ROOT_CLASS = YES_ERROR;
				CLANG_WARN_UNREACHABLE_CODE = YES;
				CLANG_WARN__DUPLICATE_METHOD_MATCH = YES;
				"CODE_SIGN_IDENTITY[sdk=iphoneos*]" = "iPhone Developer";
				COPY_PHASE_STRIP = NO;
				ENABLE_STRICT_OBJC_MSGSEND = YES;
				GCC_C_LANGUAGE_STANDARD = gnu99;
				GCC_DYNAMIC_NO_PIC = NO;
				GCC_OPTIMIZATION_LEVEL = 0;
				GCC_PREPROCESSOR_DEFINITIONS = (
					"DEBUG=1",
					"$(inherited)",
				);
				GCC_SYMBOLS_PRIVATE_EXTERN = NO;
				GCC_WARN_64_TO_32_BIT_CONVERSION = YES;
				GCC_WARN_ABOUT_RETURN_TYPE = YES_ERROR;
				GCC_WARN_UNDECLARED_SELECTOR = YES;
				GCC_WARN_UNINITIALIZED_AUTOS = YES_AGGRESSIVE;
				GCC_WARN_UNUSED_FUNCTION = YES;
				GCC_WARN_UNUSED_VARIABLE = YES;
				IPHONEOS_DEPLOYMENT_TARGET = 8.0;
				MTL_ENABLE_DEBUG_INFO = YES;
				ONLY_ACTIVE_ARCH = YES;
				SDKROOT = iphoneos;
				TARGETED_DEVICE_FAMILY = "1,2";
			};
			name = Debug;
		};
		9BB6ACB619D6335500111903 /* Release */ = {
			isa = XCBuildConfiguration;
			buildSettings = {
				ALWAYS_SEARCH_USER_PATHS = NO;
				CLANG_CXX_LANGUAGE_STANDARD = "gnu++0x";
				CLANG_CXX_LIBRARY = "libc++";
				CLANG_ENABLE_MODULES = YES;
				CLANG_ENABLE_OBJC_ARC = YES;
				CLANG_WARN_BOOL_CONVERSION = YES;
				CLANG_WARN_CONSTANT_CONVERSION = YES;
				CLANG_WARN_DIRECT_OBJC_ISA_USAGE = YES_ERROR;
				CLANG_WARN_EMPTY_BODY = YES;
				CLANG_WARN_ENUM_CONVERSION = YES;
				CLANG_WARN_INT_CONVERSION = YES;
				CLANG_WARN_OBJC_ROOT_CLASS = YES_ERROR;
				CLANG_WARN_UNREACHABLE_CODE = YES;
				CLANG_WARN__DUPLICATE_METHOD_MATCH = YES;
				"CODE_SIGN_IDENTITY[sdk=iphoneos*]" = "iPhone Developer";
				COPY_PHASE_STRIP = YES;
				ENABLE_NS_ASSERTIONS = NO;
				ENABLE_STRICT_OBJC_MSGSEND = YES;
				GCC_C_LANGUAGE_STANDARD = gnu99;
				GCC_WARN_64_TO_32_BIT_CONVERSION = YES;
				GCC_WARN_ABOUT_RETURN_TYPE = YES_ERROR;
				GCC_WARN_UNDECLARED_SELECTOR = YES;
				GCC_WARN_UNINITIALIZED_AUTOS = YES_AGGRESSIVE;
				GCC_WARN_UNUSED_FUNCTION = YES;
				GCC_WARN_UNUSED_VARIABLE = YES;
				IPHONEOS_DEPLOYMENT_TARGET = 8.0;
				MTL_ENABLE_DEBUG_INFO = NO;
				SDKROOT = iphoneos;
				TARGETED_DEVICE_FAMILY = "1,2";
				VALIDATE_PRODUCT = YES;
			};
			name = Release;
		};
		9BB6ACB819D6335500111903 /* Debug */ = {
			isa = XCBuildConfiguration;
			baseConfigurationReference = 68060FDCE9AA4212B68528A5 /* Pods.xcconfig */;
			buildSettings = {
				ASSETCATALOG_COMPILER_APPICON_NAME = AppIcon;
				ASSETCATALOG_COMPILER_LAUNCHIMAGE_NAME = LaunchImage;
				GCC_INCREASE_PRECOMPILED_HEADER_SHARING = YES;
				GCC_PRECOMPILE_PREFIX_HEADER = YES;
				GCC_PREFIX_HEADER = EWBackgrounding/PrefixHeader.pch;
				INFOPLIST_FILE = EWBackgrounding/Info.plist;
				IPHONEOS_DEPLOYMENT_TARGET = 7.0;
				LD_RUNPATH_SEARCH_PATHS = "$(inherited) @executable_path/Frameworks";
				PRODUCT_NAME = "$(TARGET_NAME)";
			};
			name = Debug;
		};
		9BB6ACB919D6335500111903 /* Release */ = {
			isa = XCBuildConfiguration;
			baseConfigurationReference = 68060FDCE9AA4212B68528A5 /* Pods.xcconfig */;
			buildSettings = {
				ASSETCATALOG_COMPILER_APPICON_NAME = AppIcon;
				ASSETCATALOG_COMPILER_LAUNCHIMAGE_NAME = LaunchImage;
				GCC_INCREASE_PRECOMPILED_HEADER_SHARING = YES;
				GCC_PRECOMPILE_PREFIX_HEADER = YES;
				GCC_PREFIX_HEADER = EWBackgrounding/PrefixHeader.pch;
				INFOPLIST_FILE = EWBackgrounding/Info.plist;
				IPHONEOS_DEPLOYMENT_TARGET = 7.0;
				LD_RUNPATH_SEARCH_PATHS = "$(inherited) @executable_path/Frameworks";
				PRODUCT_NAME = "$(TARGET_NAME)";
			};
			name = Release;
		};
		9BB6ACBB19D6335500111903 /* Debug */ = {
			isa = XCBuildConfiguration;
			buildSettings = {
				BUNDLE_LOADER = "$(TEST_HOST)";
				FRAMEWORK_SEARCH_PATHS = (
					"$(SDKROOT)/Developer/Library/Frameworks",
					"$(inherited)",
				);
				GCC_PREPROCESSOR_DEFINITIONS = (
					"DEBUG=1",
					"$(inherited)",
				);
				INFOPLIST_FILE = EWBackgroundingTests/Info.plist;
				LD_RUNPATH_SEARCH_PATHS = "$(inherited) @executable_path/Frameworks @loader_path/Frameworks";
				PRODUCT_NAME = "$(TARGET_NAME)";
				TEST_HOST = "$(BUILT_PRODUCTS_DIR)/EWBackgrounding.app/EWBackgrounding";
			};
			name = Debug;
		};
		9BB6ACBC19D6335500111903 /* Release */ = {
			isa = XCBuildConfiguration;
			buildSettings = {
				BUNDLE_LOADER = "$(TEST_HOST)";
				FRAMEWORK_SEARCH_PATHS = (
					"$(SDKROOT)/Developer/Library/Frameworks",
					"$(inherited)",
				);
				INFOPLIST_FILE = EWBackgroundingTests/Info.plist;
				LD_RUNPATH_SEARCH_PATHS = "$(inherited) @executable_path/Frameworks @loader_path/Frameworks";
				PRODUCT_NAME = "$(TARGET_NAME)";
				TEST_HOST = "$(BUILT_PRODUCTS_DIR)/EWBackgrounding.app/EWBackgrounding";
			};
			name = Release;
		};
/* End XCBuildConfiguration section */

/* Begin XCConfigurationList section */
		9BB6AC8F19D6335500111903 /* Build configuration list for PBXProject "EWBackgrounding" */ = {
			isa = XCConfigurationList;
			buildConfigurations = (
				9BB6ACB519D6335500111903 /* Debug */,
				9BB6ACB619D6335500111903 /* Release */,
			);
			defaultConfigurationIsVisible = 0;
			defaultConfigurationName = Release;
		};
		9BB6ACB719D6335500111903 /* Build configuration list for PBXNativeTarget "EWBackgrounding" */ = {
			isa = XCConfigurationList;
			buildConfigurations = (
				9BB6ACB819D6335500111903 /* Debug */,
				9BB6ACB919D6335500111903 /* Release */,
			);
			defaultConfigurationIsVisible = 0;
			defaultConfigurationName = Release;
		};
		9BB6ACBA19D6335500111903 /* Build configuration list for PBXNativeTarget "EWBackgroundingTests" */ = {
			isa = XCConfigurationList;
			buildConfigurations = (
				9BB6ACBB19D6335500111903 /* Debug */,
				9BB6ACBC19D6335500111903 /* Release */,
			);
			defaultConfigurationIsVisible = 0;
			defaultConfigurationName = Release;
		};
/* End XCConfigurationList section */
	};
	rootObject = 9BB6AC8C19D6335500111903 /* Project object */;
}
